// !$*UTF8*$!
{
	archiveVersion = 1;
	classes = {
	};
	objectVersion = 77;
	objects = {

/* Begin PBXBuildFile section */
		B776CCC82F6C0F63009FD8DC /* applepencilonsafari Extension.appex in Embed Foundation Extensions */ = {isa = PBXBuildFile; fileRef = B776CCC72F6C0F63009FD8DC /* applepencilonsafari Extension.appex */; settings = {ATTRIBUTES = (RemoveHeadersOnCopy, ); }; };
/* End PBXBuildFile section */

/* Begin PBXContainerItemProxy section */
		B776CCB22F6C0F63009FD8DC /* PBXContainerItemProxy */ = {
			isa = PBXContainerItemProxy;
			containerPortal = B776CC8C2F6C0F61009FD8DC /* Project object */;
			proxyType = 1;
			remoteGlobalIDString = B776CC932F6C0F61009FD8DC;
			remoteInfo = applepencilonsafari;
		};
		B776CCBC2F6C0F63009FD8DC /* PBXContainerItemProxy */ = {
			isa = PBXContainerItemProxy;
			containerPortal = B776CC8C2F6C0F61009FD8DC /* Project object */;
			proxyType = 1;
			remoteGlobalIDString = B776CC932F6C0F61009FD8DC;
			remoteInfo = applepencilonsafari;
		};
		B776CCC92F6C0F63009FD8DC /* PBXContainerItemProxy */ = {
			isa = PBXContainerItemProxy;
			containerPortal = B776CC8C2F6C0F61009FD8DC /* Project object */;
			proxyType = 1;
			remoteGlobalIDString = B776CCC62F6C0F63009FD8DC;
			remoteInfo = "applepencilonsafari Extension";
		};
/* End PBXContainerItemProxy section */

/* Begin PBXCopyFilesBuildPhase section */
		B776CCE62F6C0F63009FD8DC /* Embed Foundation Extensions */ = {
			isa = PBXCopyFilesBuildPhase;
			buildActionMask = 2147483647;
			dstPath = "";
			dstSubfolderSpec = 13;
			files = (
				B776CCC82F6C0F63009FD8DC /* applepencilonsafari Extension.appex in Embed Foundation Extensions */,
			);
			name = "Embed Foundation Extensions";
			runOnlyForDeploymentPostprocessing = 0;
		};
/* End PBXCopyFilesBuildPhase section */

/* Begin PBXFileReference section */
		B776CC942F6C0F61009FD8DC /* applepencilonsafari.app */ = {isa = PBXFileReference; explicitFileType = wrapper.application; includeInIndex = 0; path = applepencilonsafari.app; sourceTree = BUILT_PRODUCTS_DIR; };
		B776CCB12F6C0F63009FD8DC /* applepencilonsafariTests.xctest */ = {isa = PBXFileReference; explicitFileType = wrapper.cfbundle; includeInIndex = 0; path = applepencilonsafariTests.xctest; sourceTree = BUILT_PRODUCTS_DIR; };
		B776CCBB2F6C0F63009FD8DC /* applepencilonsafariUITests.xctest */ = {isa = PBXFileReference; explicitFileType = wrapper.cfbundle; includeInIndex = 0; path = applepencilonsafariUITests.xctest; sourceTree = BUILT_PRODUCTS_DIR; };
		B776CCC72F6C0F63009FD8DC /* applepencilonsafari Extension.appex */ = {isa = PBXFileReference; explicitFileType = "wrapper.app-extension"; includeInIndex = 0; path = "applepencilonsafari Extension.appex"; sourceTree = BUILT_PRODUCTS_DIR; };
/* End PBXFileReference section */

/* Begin PBXFileSystemSynchronizedBuildFileExceptionSet section */
		B776CCE12F6C0F63009FD8DC /* Exceptions for "applepencilonsafari" folder in "applepencilonsafari" target */ = {
			isa = PBXFileSystemSynchronizedBuildFileExceptionSet;
			membershipExceptions = (
				Info.plist,
			);
			target = B776CC932F6C0F61009FD8DC /* applepencilonsafari */;
		};
		B776CCE52F6C0F63009FD8DC /* Exceptions for "applepencilonsafari Extension" folder in "applepencilonsafari Extension" target */ = {
			isa = PBXFileSystemSynchronizedBuildFileExceptionSet;
			membershipExceptions = (
				Info.plist,
			);
			target = B776CCC62F6C0F63009FD8DC /* applepencilonsafari Extension */;
		};
/* End PBXFileSystemSynchronizedBuildFileExceptionSet section */

/* Begin PBXFileSystemSynchronizedRootGroup section */
		B776CC962F6C0F61009FD8DC /* applepencilonsafari */ = {
			isa = PBXFileSystemSynchronizedRootGroup;
			exceptions = (
				B776CCE12F6C0F63009FD8DC /* Exceptions for "applepencilonsafari" folder in "applepencilonsafari" target */,
			);
			path = applepencilonsafari;
			sourceTree = "<group>";
		};
		B776CCB42F6C0F63009FD8DC /* applepencilonsafariTests */ = {
			isa = PBXFileSystemSynchronizedRootGroup;
			path = applepencilonsafariTests;
			sourceTree = "<group>";
		};
		B776CCBE2F6C0F63009FD8DC /* applepencilonsafariUITests */ = {
			isa = PBXFileSystemSynchronizedRootGroup;
			path = applepencilonsafariUITests;
			sourceTree = "<group>";
		};
		B776CCCB2F6C0F63009FD8DC /* applepencilonsafari Extension */ = {
			isa = PBXFileSystemSynchronizedRootGroup;
			exceptions = (
				B776CCE52F6C0F63009FD8DC /* Exceptions for "applepencilonsafari Extension" folder in "applepencilonsafari Extension" target */,
			);
			explicitFolders = (
				Resources/_locales,
				Resources/images,
			);
			path = "applepencilonsafari Extension";
			sourceTree = "<group>";
		};
/* End PBXFileSystemSynchronizedRootGroup section */

/* Begin PBXFrameworksBuildPhase section */
		B776CC912F6C0F61009FD8DC /* Frameworks */ = {
			isa = PBXFrameworksBuildPhase;
			buildActionMask = 2147483647;
			files = (
			);
			runOnlyForDeploymentPostprocessing = 0;
		};
		B776CCAE2F6C0F63009FD8DC /* Frameworks */ = {
			isa = PBXFrameworksBuildPhase;
			buildActionMask = 2147483647;
			files = (
			);
			runOnlyForDeploymentPostprocessing = 0;
		};
		B776CCB82F6C0F63009FD8DC /* Frameworks */ = {
			isa = PBXFrameworksBuildPhase;
			buildActionMask = 2147483647;
			files = (
			);
			runOnlyForDeploymentPostprocessing = 0;
		};
		B776CCC42F6C0F63009FD8DC /* Frameworks */ = {
			isa = PBXFrameworksBuildPhase;
			buildActionMask = 2147483647;
			files = (
			);
			runOnlyForDeploymentPostprocessing = 0;
		};
/* End PBXFrameworksBuildPhase section */

/* Begin PBXGroup section */
		B776CC8B2F6C0F61009FD8DC = {
			isa = PBXGroup;
			children = (
				B776CC962F6C0F61009FD8DC /* applepencilonsafari */,
				B776CCB42F6C0F63009FD8DC /* applepencilonsafariTests */,
				B776CCBE2F6C0F63009FD8DC /* applepencilonsafariUITests */,
				B776CCCB2F6C0F63009FD8DC /* applepencilonsafari Extension */,
				B776CC952F6C0F61009FD8DC /* Products */,
			);
			sourceTree = "<group>";
		};
		B776CC952F6C0F61009FD8DC /* Products */ = {
			isa = PBXGroup;
			children = (
				B776CC942F6C0F61009FD8DC /* applepencilonsafari.app */,
				B776CCB12F6C0F63009FD8DC /* applepencilonsafariTests.xctest */,
				B776CCBB2F6C0F63009FD8DC /* applepencilonsafariUITests.xctest */,
				B776CCC72F6C0F63009FD8DC /* applepencilonsafari Extension.appex */,
			);
			name = Products;
			sourceTree = "<group>";
		};
/* End PBXGroup section */

/* Begin PBXNativeTarget section */
		B776CC932F6C0F61009FD8DC /* applepencilonsafari */ = {
			isa = PBXNativeTarget;
			buildConfigurationList = B776CCE72F6C0F63009FD8DC /* Build configuration list for PBXNativeTarget "applepencilonsafari" */;
			buildPhases = (
				B776CC902F6C0F61009FD8DC /* Sources */,
				B776CC912F6C0F61009FD8DC /* Frameworks */,
				B776CC922F6C0F61009FD8DC /* Resources */,
				B776CCE62F6C0F63009FD8DC /* Embed Foundation Extensions */,
			);
			buildRules = (
			);
			dependencies = (
				B776CCCA2F6C0F63009FD8DC /* PBXTargetDependency */,
			);
			fileSystemSynchronizedGroups = (
				B776CC962F6C0F61009FD8DC /* applepencilonsafari */,
			);
			name = applepencilonsafari;
			packageProductDependencies = (
			);
			productName = applepencilonsafari;
			productReference = B776CC942F6C0F61009FD8DC /* applepencilonsafari.app */;
			productType = "com.apple.product-type.application";
		};
		B776CCB02F6C0F63009FD8DC /* applepencilonsafariTests */ = {
			isa = PBXNativeTarget;
			buildConfigurationList = B776CCEC2F6C0F63009FD8DC /* Build configuration list for PBXNativeTarget "applepencilonsafariTests" */;
			buildPhases = (
				B776CCAD2F6C0F63009FD8DC /* Sources */,
				B776CCAE2F6C0F63009FD8DC /* Frameworks */,
				B776CCAF2F6C0F63009FD8DC /* Resources */,
			);
			buildRules = (
			);
			dependencies = (
				B776CCB32F6C0F63009FD8DC /* PBXTargetDependency */,
			);
			fileSystemSynchronizedGroups = (
				B776CCB42F6C0F63009FD8DC /* applepencilonsafariTests */,
			);
			name = applepencilonsafariTests;
			packageProductDependencies = (
			);
			productName = applepencilonsafariTests;
			productReference = B776CCB12F6C0F63009FD8DC /* applepencilonsafariTests.xctest */;
			productType = "com.apple.product-type.bundle.unit-test";
		};
		B776CCBA2F6C0F63009FD8DC /* applepencilonsafariUITests */ = {
			isa = PBXNativeTarget;
			buildConfigurationList = B776CCEF2F6C0F63009FD8DC /* Build configuration list for PBXNativeTarget "applepencilonsafariUITests" */;
			buildPhases = (
				B776CCB72F6C0F63009FD8DC /* Sources */,
				B776CCB82F6C0F63009FD8DC /* Frameworks */,
				B776CCB92F6C0F63009FD8DC /* Resources */,
			);
			buildRules = (
			);
			dependencies = (
				B776CCBD2F6C0F63009FD8DC /* PBXTargetDependency */,
			);
			fileSystemSynchronizedGroups = (
				B776CCBE2F6C0F63009FD8DC /* applepencilonsafariUITests */,
			);
			name = applepencilonsafariUITests;
			packageProductDependencies = (
			);
			productName = applepencilonsafariUITests;
			productReference = B776CCBB2F6C0F63009FD8DC /* applepencilonsafariUITests.xctest */;
			productType = "com.apple.product-type.bundle.ui-testing";
		};
		B776CCC62F6C0F63009FD8DC /* applepencilonsafari Extension */ = {
			isa = PBXNativeTarget;
			buildConfigurationList = B776CCE22F6C0F63009FD8DC /* Build configuration list for PBXNativeTarget "applepencilonsafari Extension" */;
			buildPhases = (
				B776CCC32F6C0F63009FD8DC /* Sources */,
				B776CCC42F6C0F63009FD8DC /* Frameworks */,
				B776CCC52F6C0F63009FD8DC /* Resources */,
			);
			buildRules = (
			);
			dependencies = (
			);
			fileSystemSynchronizedGroups = (
				B776CCCB2F6C0F63009FD8DC /* applepencilonsafari Extension */,
			);
			name = "applepencilonsafari Extension";
			packageProductDependencies = (
			);
			productName = "applepencilonsafari Extension";
			productReference = B776CCC72F6C0F63009FD8DC /* applepencilonsafari Extension.appex */;
			productType = "com.apple.product-type.app-extension";
		};
/* End PBXNativeTarget section */

/* Begin PBXProject section */
		B776CC8C2F6C0F61009FD8DC /* Project object */ = {
			isa = PBXProject;
			attributes = {
				BuildIndependentTargetsInParallel = 1;
				LastSwiftUpdateCheck = 2630;
				LastUpgradeCheck = 2630;
				TargetAttributes = {
					B776CC932F6C0F61009FD8DC = {
						CreatedOnToolsVersion = 26.3;
					};
					B776CCB02F6C0F63009FD8DC = {
						CreatedOnToolsVersion = 26.3;
						TestTargetID = B776CC932F6C0F61009FD8DC;
					};
					B776CCBA2F6C0F63009FD8DC = {
						CreatedOnToolsVersion = 26.3;
						TestTargetID = B776CC932F6C0F61009FD8DC;
					};
					B776CCC62F6C0F63009FD8DC = {
						CreatedOnToolsVersion = 26.3;
					};
				};
			};
			buildConfigurationList = B776CC8F2F6C0F61009FD8DC /* Build configuration list for PBXProject "applepencilonsafari" */;
			developmentRegion = en;
			hasScannedForEncodings = 0;
			knownRegions = (
				en,
				Base,
			);
			mainGroup = B776CC8B2F6C0F61009FD8DC;
			minimizedProjectReferenceProxies = 1;
			preferredProjectObjectVersion = 77;
			productRefGroup = B776CC952F6C0F61009FD8DC /* Products */;
			projectDirPath = "";
			projectRoot = "";
			targets = (
				B776CC932F6C0F61009FD8DC /* applepencilonsafari */,
				B776CCB02F6C0F63009FD8DC /* applepencilonsafariTests */,
				B776CCBA2F6C0F63009FD8DC /* applepencilonsafariUITests */,
				B776CCC62F6C0F63009FD8DC /* applepencilonsafari Extension */,
			);
		};
/* End PBXProject section */

/* Begin PBXResourcesBuildPhase section */
		B776CC922F6C0F61009FD8DC /* Resources */ = {
			isa = PBXResourcesBuildPhase;
			buildActionMask = 2147483647;
			files = (
			);
			runOnlyForDeploymentPostprocessing = 0;
		};
		B776CCAF2F6C0F63009FD8DC /* Resources */ = {
			isa = PBXResourcesBuildPhase;
			buildActionMask = 2147483647;
			files = (
			);
			runOnlyForDeploymentPostprocessing = 0;
		};
		B776CCB92F6C0F63009FD8DC /* Resources */ = {
			isa = PBXResourcesBuildPhase;
			buildActionMask = 2147483647;
			files = (
			);
			runOnlyForDeploymentPostprocessing = 0;
		};
		B776CCC52F6C0F63009FD8DC /* Resources */ = {
			isa = PBXResourcesBuildPhase;
			buildActionMask = 2147483647;
			files = (
			);
			runOnlyForDeploymentPostprocessing = 0;
		};
/* End PBXResourcesBuildPhase section */

/* Begin PBXSourcesBuildPhase section */
		B776CC902F6C0F61009FD8DC /* Sources */ = {
			isa = PBXSourcesBuildPhase;
			buildActionMask = 2147483647;
			files = (
			);
			runOnlyForDeploymentPostprocessing = 0;
		};
		B776CCAD2F6C0F63009FD8DC /* Sources */ = {
			isa = PBXSourcesBuildPhase;
			buildActionMask = 2147483647;
			files = (
			);
			runOnlyForDeploymentPostprocessing = 0;
		};
		B776CCB72F6C0F63009FD8DC /* Sources */ = {
			isa = PBXSourcesBuildPhase;
			buildActionMask = 2147483647;
			files = (
			);
			runOnlyForDeploymentPostprocessing = 0;
		};
		B776CCC32F6C0F63009FD8DC /* Sources */ = {
			isa = PBXSourcesBuildPhase;
			buildActionMask = 2147483647;
			files = (
			);
			runOnlyForDeploymentPostprocessing = 0;
		};
/* End PBXSourcesBuildPhase section */

/* Begin PBXTargetDependency section */
		B776CCB32F6C0F63009FD8DC /* PBXTargetDependency */ = {
			isa = PBXTargetDependency;
			target = B776CC932F6C0F61009FD8DC /* applepencilonsafari */;
			targetProxy = B776CCB22F6C0F63009FD8DC /* PBXContainerItemProxy */;
		};
		B776CCBD2F6C0F63009FD8DC /* PBXTargetDependency */ = {
			isa = PBXTargetDependency;
			target = B776CC932F6C0F61009FD8DC /* applepencilonsafari */;
			targetProxy = B776CCBC2F6C0F63009FD8DC /* PBXContainerItemProxy */;
		};
		B776CCCA2F6C0F63009FD8DC /* PBXTargetDependency */ = {
			isa = PBXTargetDependency;
			target = B776CCC62F6C0F63009FD8DC /* applepencilonsafari Extension */;
			targetProxy = B776CCC92F6C0F63009FD8DC /* PBXContainerItemProxy */;
		};
/* End PBXTargetDependency section */

/* Begin XCBuildConfiguration section */
		B776CCE32F6C0F63009FD8DC /* Debug */ = {
			isa = XCBuildConfiguration;
			buildSettings = {
				CODE_SIGN_STYLE = Automatic;
				CURRENT_PROJECT_VERSION = 1;
				DEVELOPMENT_TEAM = VHSV4JP6CK;
				GENERATE_INFOPLIST_FILE = YES;
				INFOPLIST_FILE = "applepencilonsafari Extension/Info.plist";
				INFOPLIST_KEY_CFBundleDisplayName = "applepencilonsafari Extension";
				INFOPLIST_KEY_NSHumanReadableCopyright = "";
				IPHONEOS_DEPLOYMENT_TARGET = 15.0;
				LD_RUNPATH_SEARCH_PATHS = (
					"$(inherited)",
					"@executable_path/Frameworks",
					"@executable_path/../../Frameworks",
				);
				MARKETING_VERSION = 1.0;
				OTHER_LDFLAGS = (
					"-framework",
					SafariServices,
				);
				PRODUCT_BUNDLE_IDENTIFIER = piano.jang.applepencilonsafari.Extension;
				PRODUCT_NAME = "$(TARGET_NAME)";
				SKIP_INSTALL = YES;
				STRING_CATALOG_GENERATE_SYMBOLS = YES;
				SWIFT_APPROACHABLE_CONCURRENCY = YES;
				SWIFT_EMIT_LOC_STRINGS = YES;
				SWIFT_UPCOMING_FEATURE_MEMBER_IMPORT_VISIBILITY = YES;
				SWIFT_VERSION = 5.0;
				TARGETED_DEVICE_FAMILY = "1,2";
			};
			name = Debug;
		};
		B776CCE42F6C0F63009FD8DC /* Release */ = {
			isa = XCBuildConfiguration;
			buildSettings = {
				CODE_SIGN_STYLE = Automatic;
				CURRENT_PROJECT_VERSION = 1;
				DEVELOPMENT_TEAM = VHSV4JP6CK;
				GENERATE_INFOPLIST_FILE = YES;
				INFOPLIST_FILE = "applepencilonsafari Extension/Info.plist";
				INFOPLIST_KEY_CFBundleDisplayName = "applepencilonsafari Extension";
				INFOPLIST_KEY_NSHumanReadableCopyright = "";
				IPHONEOS_DEPLOYMENT_TARGET = 15.0;
				LD_RUNPATH_SEARCH_PATHS = (
					"$(inherited)",
					"@executable_path/Frameworks",
					"@executable_path/../../Frameworks",
				);
				MARKETING_VERSION = 1.0;
				OTHER_LDFLAGS = (
					"-framework",
					SafariServices,
				);
				PRODUCT_BUNDLE_IDENTIFIER = piano.jang.applepencilonsafari.Extension;
				PRODUCT_NAME = "$(TARGET_NAME)";
				SKIP_INSTALL = YES;
				STRING_CATALOG_GENERATE_SYMBOLS = YES;
				SWIFT_APPROACHABLE_CONCURRENCY = YES;
				SWIFT_EMIT_LOC_STRINGS = YES;
				SWIFT_UPCOMING_FEATURE_MEMBER_IMPORT_VISIBILITY = YES;
				SWIFT_VERSION = 5.0;
				TARGETED_DEVICE_FAMILY = "1,2";
			};
			name = Release;
		};
		B776CCE82F6C0F63009FD8DC /* Debug */ = {
			isa = XCBuildConfiguration;
			buildSettings = {
				ASSETCATALOG_COMPILER_APPICON_NAME = AppIcon;
				ASSETCATALOG_COMPILER_GLOBAL_ACCENT_COLOR_NAME = AccentColor;
				CODE_SIGN_STYLE = Automatic;
				CURRENT_PROJECT_VERSION = 1;
				DEVELOPMENT_TEAM = VHSV4JP6CK;
				GENERATE_INFOPLIST_FILE = YES;
				INFOPLIST_FILE = applepencilonsafari/Info.plist;
				INFOPLIST_KEY_CFBundleDisplayName = applepencilonsafari;
				INFOPLIST_KEY_UIApplicationSupportsIndirectInputEvents = YES;
				INFOPLIST_KEY_UILaunchStoryboardName = LaunchScreen;
				INFOPLIST_KEY_UIMainStoryboardFile = Main;
				INFOPLIST_KEY_UISupportedInterfaceOrientations_iPad = "UIInterfaceOrientationPortrait UIInterfaceOrientationPortraitUpsideDown UIInterfaceOrientationLandscapeLeft UIInterfaceOrientationLandscapeRight";
				INFOPLIST_KEY_UISupportedInterfaceOrientations_iPhone = "UIInterfaceOrientationPortrait UIInterfaceOrientationLandscapeLeft UIInterfaceOrientationLandscapeRight";
				IPHONEOS_DEPLOYMENT_TARGET = 15.0;
				LD_RUNPATH_SEARCH_PATHS = (
					"$(inherited)",
					"@executable_path/Frameworks",
				);
				MARKETING_VERSION = 1.0;
				OTHER_LDFLAGS = (
					"-framework",
					SafariServices,
					"-framework",
					WebKit,
				);
				PRODUCT_BUNDLE_IDENTIFIER = piano.jang.applepencilonsafari;
				PRODUCT_NAME = "$(TARGET_NAME)";
				STRING_CATALOG_GENERATE_SYMBOLS = YES;
				SWIFT_APPROACHABLE_CONCURRENCY = YES;
				SWIFT_DEFAULT_ACTOR_ISOLATION = MainActor;
				SWIFT_EMIT_LOC_STRINGS = YES;
				SWIFT_UPCOMING_FEATURE_MEMBER_IMPORT_VISIBILITY = YES;
				SWIFT_VERSION = 5.0;
				TARGETED_DEVICE_FAMILY = "1,2";
			};
			name = Debug;
		};
		B776CCE92F6C0F63009FD8DC /* Release */ = {
			isa = XCBuildConfiguration;
			buildSettings = {
				ASSETCATALOG_COMPILER_APPICON_NAME = AppIcon;
				ASSETCATALOG_COMPILER_GLOBAL_ACCENT_COLOR_NAME = AccentColor;
				CODE_SIGN_STYLE = Automatic;
				CURRENT_PROJECT_VERSION = 1;
				DEVELOPMENT_TEAM = VHSV4JP6CK;
				GENERATE_INFOPLIST_FILE = YES;
				INFOPLIST_FILE = applepencilonsafari/Info.plist;
				INFOPLIST_KEY_CFBundleDisplayName = applepencilonsafari;
				INFOPLIST_KEY_UIApplicationSupportsIndirectInputEvents = YES;
				INFOPLIST_KEY_UILaunchStoryboardName = LaunchScreen;
				INFOPLIST_KEY_UIMainStoryboardFile = Main;
				INFOPLIST_KEY_UISupportedInterfaceOrientations_iPad = "UIInterfaceOrientationPortrait UIInterfaceOrientationPortraitUpsideDown UIInterfaceOrientationLandscapeLeft UIInterfaceOrientationLandscapeRight";
				INFOPLIST_KEY_UISupportedInterfaceOrientations_iPhone = "UIInterfaceOrientationPortrait UIInterfaceOrientationLandscapeLeft UIInterfaceOrientationLandscapeRight";
				IPHONEOS_DEPLOYMENT_TARGET = 15.0;
				LD_RUNPATH_SEARCH_PATHS = (
					"$(inherited)",
					"@executable_path/Frameworks",
				);
				MARKETING_VERSION = 1.0;
				OTHER_LDFLAGS = (
					"-framework",
					SafariServices,
					"-framework",
					WebKit,
				);
				PRODUCT_BUNDLE_IDENTIFIER = piano.jang.applepencilonsafari;
				PRODUCT_NAME = "$(TARGET_NAME)";
				STRING_CATALOG_GENERATE_SYMBOLS = YES;
				SWIFT_APPROACHABLE_CONCURRENCY = YES;
				SWIFT_DEFAULT_ACTOR_ISOLATION = MainActor;
				SWIFT_EMIT_LOC_STRINGS = YES;
				SWIFT_UPCOMING_FEATURE_MEMBER_IMPORT_VISIBILITY = YES;
				SWIFT_VERSION = 5.0;
				TARGETED_DEVICE_FAMILY = "1,2";
			};
			name = Release;
		};
		B776CCEA2F6C0F63009FD8DC /* Debug */ = {
			isa = XCBuildConfiguration;
			buildSettings = {
				ALWAYS_SEARCH_USER_PATHS = NO;
				ASSETCATALOG_COMPILER_GENERATE_SWIFT_ASSET_SYMBOL_EXTENSIONS = YES;
				CLANG_ANALYZER_NONNULL = YES;
				CLANG_ANALYZER_NUMBER_OBJECT_CONVERSION = YES_AGGRESSIVE;
				CLANG_CXX_LANGUAGE_STANDARD = "gnu++20";
				CLANG_ENABLE_MODULES = YES;
				CLANG_ENABLE_OBJC_ARC = YES;
				CLANG_ENABLE_OBJC_WEAK = YES;
				CLANG_WARN_BLOCK_CAPTURE_AUTORELEASING = YES;
				CLANG_WARN_BOOL_CONVERSION = YES;
				CLANG_WARN_COMMA = YES;
				CLANG_WARN_CONSTANT_CONVERSION = YES;
				CLANG_WARN_DEPRECATED_OBJC_IMPLEMENTATIONS = YES;
				CLANG_WARN_DIRECT_OBJC_ISA_USAGE = YES_ERROR;
				CLANG_WARN_DOCUMENTATION_COMMENTS = YES;
				CLANG_WARN_EMPTY_BODY = YES;
				CLANG_WARN_ENUM_CONVERSION = YES;
				CLANG_WARN_INFINITE_RECURSION = YES;
				CLANG_WARN_INT_CONVERSION = YES;
				CLANG_WARN_NON_LITERAL_NULL_CONVERSION = YES;
				CLANG_WARN_OBJC_IMPLICIT_RETAIN_SELF = YES;
				CLANG_WARN_OBJC_LITERAL_CONVERSION = YES;
				CLANG_WARN_OBJC_ROOT_CLASS = YES_ERROR;
				CLANG_WARN_QUOTED_INCLUDE_IN_FRAMEWORK_HEADER = YES;
				CLANG_WARN_RANGE_LOOP_ANALYSIS = YES;
				CLANG_WARN_STRICT_PROTOTYPES = YES;
				CLANG_WARN_SUSPICIOUS_MOVE = YES;
				CLANG_WARN_UNGUARDED_AVAILABILITY = YES_AGGRESSIVE;
				CLANG_WARN_UNREACHABLE_CODE = YES;
				CLANG_WARN__DUPLICATE_METHOD_MATCH = YES;
				COPY_PHASE_STRIP = NO;
				DEBUG_INFORMATION_FORMAT = dwarf;
				DEVELOPMENT_TEAM = VHSV4JP6CK;
				ENABLE_STRICT_OBJC_MSGSEND = YES;
				ENABLE_TESTABILITY = YES;
				ENABLE_USER_SCRIPT_SANDBOXING = YES;
				GCC_C_LANGUAGE_STANDARD = gnu17;
				GCC_DYNAMIC_NO_PIC = NO;
				GCC_NO_COMMON_BLOCKS = YES;
				GCC_OPTIMIZATION_LEVEL = 0;
				GCC_PREPROCESSOR_DEFINITIONS = (
					"DEBUG=1",
					"$(inherited)",
				);
				GCC_WARN_64_TO_32_BIT_CONVERSION = YES;
				GCC_WARN_ABOUT_RETURN_TYPE = YES_ERROR;
				GCC_WARN_UNDECLARED_SELECTOR = YES;
				GCC_WARN_UNINITIALIZED_AUTOS = YES_AGGRESSIVE;
				GCC_WARN_UNUSED_FUNCTION = YES;
				GCC_WARN_UNUSED_VARIABLE = YES;
				IPHONEOS_DEPLOYMENT_TARGET = 26.2;
				LOCALIZATION_PREFERS_STRING_CATALOGS = YES;
				MTL_ENABLE_DEBUG_INFO = INCLUDE_SOURCE;
				MTL_FAST_MATH = YES;
				ONLY_ACTIVE_ARCH = YES;
				SDKROOT = iphoneos;
				SWIFT_ACTIVE_COMPILATION_CONDITIONS = "DEBUG $(inherited)";
				SWIFT_OPTIMIZATION_LEVEL = "-Onone";
			};
			name = Debug;
		};
		B776CCEB2F6C0F63009FD8DC /* Release */ = {
			isa = XCBuildConfiguration;
			buildSettings = {
				ALWAYS_SEARCH_USER_PATHS = NO;
				ASSETCATALOG_COMPILER_GENERATE_SWIFT_ASSET_SYMBOL_EXTENSIONS = YES;
				CLANG_ANALYZER_NONNULL = YES;
				CLANG_ANALYZER_NUMBER_OBJECT_CONVERSION = YES_AGGRESSIVE;
				CLANG_CXX_LANGUAGE_STANDARD = "gnu++20";
				CLANG_ENABLE_MODULES = YES;
				CLANG_ENABLE_OBJC_ARC = YES;
				CLANG_ENABLE_OBJC_WEAK = YES;
				CLANG_WARN_BLOCK_CAPTURE_AUTORELEASING = YES;
				CLANG_WARN_BOOL_CONVERSION = YES;
				CLANG_WARN_COMMA = YES;
				CLANG_WARN_CONSTANT_CONVERSION = YES;
				CLANG_WARN_DEPRECATED_OBJC_IMPLEMENTATIONS = YES;
				CLANG_WARN_DIRECT_OBJC_ISA_USAGE = YES_ERROR;
				CLANG_WARN_DOCUMENTATION_COMMENTS = YES;
				CLANG_WARN_EMPTY_BODY = YES;
				CLANG_WARN_ENUM_CONVERSION = YES;
				CLANG_WARN_INFINITE_RECURSION = YES;
				CLANG_WARN_INT_CONVERSION = YES;
				CLANG_WARN_NON_LITERAL_NULL_CONVERSION = YES;
				CLANG_WARN_OBJC_IMPLICIT_RETAIN_SELF = YES;
				CLANG_WARN_OBJC_LITERAL_CONVERSION = YES;
				CLANG_WARN_OBJC_ROOT_CLASS = YES_ERROR;
				CLANG_WARN_QUOTED_INCLUDE_IN_FRAMEWORK_HEADER = YES;
				CLANG_WARN_RANGE_LOOP_ANALYSIS = YES;
				CLANG_WARN_STRICT_PROTOTYPES = YES;
				CLANG_WARN_SUSPICIOUS_MOVE = YES;
				CLANG_WARN_UNGUARDED_AVAILABILITY = YES_AGGRESSIVE;
				CLANG_WARN_UNREACHABLE_CODE = YES;
				CLANG_WARN__DUPLICATE_METHOD_MATCH = YES;
				COPY_PHASE_STRIP = NO;
				DEBUG_INFORMATION_FORMAT = "dwarf-with-dsym";
				DEVELOPMENT_TEAM = VHSV4JP6CK;
				ENABLE_NS_ASSERTIONS = NO;
				ENABLE_STRICT_OBJC_MSGSEND = YES;
				ENABLE_USER_SCRIPT_SANDBOXING = YES;
				GCC_C_LANGUAGE_STANDARD = gnu17;
				GCC_NO_COMMON_BLOCKS = YES;
				GCC_WARN_64_TO_32_BIT_CONVERSION = YES;
				GCC_WARN_ABOUT_RETURN_TYPE = YES_ERROR;
				GCC_WARN_UNDECLARED_SELECTOR = YES;
				GCC_WARN_UNINITIALIZED_AUTOS = YES_AGGRESSIVE;
				GCC_WARN_UNUSED_FUNCTION = YES;
				GCC_WARN_UNUSED_VARIABLE = YES;
				IPHONEOS_DEPLOYMENT_TARGET = 26.2;
				LOCALIZATION_PREFERS_STRING_CATALOGS = YES;
				MTL_ENABLE_DEBUG_INFO = NO;
				MTL_FAST_MATH = YES;
				SDKROOT = iphoneos;
				SWIFT_COMPILATION_MODE = wholemodule;
				VALIDATE_PRODUCT = YES;
			};
			name = Release;
		};
		B776CCED2F6C0F63009FD8DC /* Debug */ = {
			isa = XCBuildConfiguration;
			buildSettings = {
				BUNDLE_LOADER = "$(TEST_HOST)";
				CODE_SIGN_STYLE = Automatic;
				CURRENT_PROJECT_VERSION = 1;
				DEVELOPMENT_TEAM = VHSV4JP6CK;
				GENERATE_INFOPLIST_FILE = YES;
				IPHONEOS_DEPLOYMENT_TARGET = 15.0;
				MARKETING_VERSION = 1.0;
				PRODUCT_BUNDLE_IDENTIFIER = piano.jang.applepencilonsafariTests;
				PRODUCT_NAME = "$(TARGET_NAME)";
				STRING_CATALOG_GENERATE_SYMBOLS = NO;
				SWIFT_APPROACHABLE_CONCURRENCY = YES;
				SWIFT_EMIT_LOC_STRINGS = NO;
				SWIFT_UPCOMING_FEATURE_MEMBER_IMPORT_VISIBILITY = YES;
				SWIFT_VERSION = 5.0;
				TARGETED_DEVICE_FAMILY = "1,2";
				TEST_HOST = "$(BUILT_PRODUCTS_DIR)/applepencilonsafari.app/$(BUNDLE_EXECUTABLE_FOLDER_PATH)/applepencilonsafari";
			};
			name = Debug;
		};
		B776CCEE2F6C0F63009FD8DC /* Release */ = {
			isa = XCBuildConfiguration;
			buildSettings = {
				BUNDLE_LOADER = "$(TEST_HOST)";
				CODE_SIGN_STYLE = Automatic;
				CURRENT_PROJECT_VERSION = 1;
				DEVELOPMENT_TEAM = VHSV4JP6CK;
				GENERATE_INFOPLIST_FILE = YES;
				IPHONEOS_DEPLOYMENT_TARGET = 15.0;
				MARKETING_VERSION = 1.0;
				PRODUCT_BUNDLE_IDENTIFIER = piano.jang.applepencilonsafariTests;
				PRODUCT_NAME = "$(TARGET_NAME)";
				STRING_CATALOG_GENERATE_SYMBOLS = NO;
				SWIFT_APPROACHABLE_CONCURRENCY = YES;
				SWIFT_EMIT_LOC_STRINGS = NO;
				SWIFT_UPCOMING_FEATURE_MEMBER_IMPORT_VISIBILITY = YES;
				SWIFT_VERSION = 5.0;
				TARGETED_DEVICE_FAMILY = "1,2";
				TEST_HOST = "$(BUILT_PRODUCTS_DIR)/applepencilonsafari.app/$(BUNDLE_EXECUTABLE_FOLDER_PATH)/applepencilonsafari";
			};
			name = Release;
		};
		B776CCF02F6C0F63009FD8DC /* Debug */ = {
			isa = XCBuildConfiguration;
			buildSettings = {
				CODE_SIGN_STYLE = Automatic;
				CURRENT_PROJECT_VERSION = 1;
				DEVELOPMENT_TEAM = VHSV4JP6CK;
				GENERATE_INFOPLIST_FILE = YES;
				MARKETING_VERSION = 1.0;
				PRODUCT_BUNDLE_IDENTIFIER = piano.jang.applepencilonsafariUITests;
				PRODUCT_NAME = "$(TARGET_NAME)";
				STRING_CATALOG_GENERATE_SYMBOLS = NO;
				SWIFT_APPROACHABLE_CONCURRENCY = YES;
				SWIFT_EMIT_LOC_STRINGS = NO;
				SWIFT_UPCOMING_FEATURE_MEMBER_IMPORT_VISIBILITY = YES;
				SWIFT_VERSION = 5.0;
				TARGETED_DEVICE_FAMILY = "1,2";
				TEST_TARGET_NAME = applepencilonsafari;
			};
			name = Debug;
		};
		B776CCF12F6C0F63009FD8DC /* Release */ = {
			isa = XCBuildConfiguration;
			buildSettings = {
				CODE_SIGN_STYLE = Automatic;
				CURRENT_PROJECT_VERSION = 1;
				DEVELOPMENT_TEAM = VHSV4JP6CK;
				GENERATE_INFOPLIST_FILE = YES;
				MARKETING_VERSION = 1.0;
				PRODUCT_BUNDLE_IDENTIFIER = piano.jang.applepencilonsafariUITests;
				PRODUCT_NAME = "$(TARGET_NAME)";
				STRING_CATALOG_GENERATE_SYMBOLS = NO;
				SWIFT_APPROACHABLE_CONCURRENCY = YES;
				SWIFT_EMIT_LOC_STRINGS = NO;
				SWIFT_UPCOMING_FEATURE_MEMBER_IMPORT_VISIBILITY = YES;
				SWIFT_VERSION = 5.0;
				TARGETED_DEVICE_FAMILY = "1,2";
				TEST_TARGET_NAME = applepencilonsafari;
			};
			name = Release;
		};
/* End XCBuildConfiguration section */

/* Begin XCConfigurationList section */
		B776CC8F2F6C0F61009FD8DC /* Build configuration list for PBXProject "applepencilonsafari" */ = {
			isa = XCConfigurationList;
			buildConfigurations = (
				B776CCEA2F6C0F63009FD8DC /* Debug */,
				B776CCEB2F6C0F63009FD8DC /* Release */,
			);
			defaultConfigurationIsVisible = 0;
			defaultConfigurationName = Release;
		};
		B776CCE22F6C0F63009FD8DC /* Build configuration list for PBXNativeTarget "applepencilonsafari Extension" */ = {
			isa = XCConfigurationList;
			buildConfigurations = (
				B776CCE32F6C0F63009FD8DC /* Debug */,
				B776CCE42F6C0F63009FD8DC /* Release */,
			);
			defaultConfigurationIsVisible = 0;
			defaultConfigurationName = Release;
		};
		B776CCE72F6C0F63009FD8DC /* Build configuration list for PBXNativeTarget "applepencilonsafari" */ = {
			isa = XCConfigurationList;
			buildConfigurations = (
				B776CCE82F6C0F63009FD8DC /* Debug */,
				B776CCE92F6C0F63009FD8DC /* Release */,
			);
			defaultConfigurationIsVisible = 0;
			defaultConfigurationName = Release;
		};
		B776CCEC2F6C0F63009FD8DC /* Build configuration list for PBXNativeTarget "applepencilonsafariTests" */ = {
			isa = XCConfigurationList;
			buildConfigurations = (
				B776CCED2F6C0F63009FD8DC /* Debug */,
				B776CCEE2F6C0F63009FD8DC /* Release */,
			);
			defaultConfigurationIsVisible = 0;
			defaultConfigurationName = Release;
		};
		B776CCEF2F6C0F63009FD8DC /* Build configuration list for PBXNativeTarget "applepencilonsafariUITests" */ = {
			isa = XCConfigurationList;
			buildConfigurations = (
				B776CCF02F6C0F63009FD8DC /* Debug */,
				B776CCF12F6C0F63009FD8DC /* Release */,
			);
			defaultConfigurationIsVisible = 0;
			defaultConfigurationName = Release;
		};
/* End XCConfigurationList section */
	};
	rootObject = B776CC8C2F6C0F61009FD8DC /* Project object */;
}
